
Microsoft Visual Studio Solution File, Format Version 12.00
# Visual Studio Version 16
VisualStudioVersion = 16.0.29519.87
MinimumVisualStudioVersion = 10.0.40219.1
Project("{FAE04EC0-301F-11D3-BF4B-00C04F79EFBC}") = "WindowsFormsApp_ID3", "WindowsFormsApp_ID3\WindowsFormsApp_ID3.csproj", "{68463298-DEE1-4C28-95DF-35639548739B}"
EndProject
Global
	GlobalSection(SolutionConfigurationPlatforms) = preSolution
		Debug|Any CPU = Debug|Any CPU
		Release|Any CPU = Release|Any CPU
	EndGlobalSection
	GlobalSection(ProjectConfigurationPlatforms) = postSolution
		{68463298-DEE1-4C28-95DF-35639548739B}.Debug|Any CPU.ActiveCfg = Debug|Any CPU
		{68463298-DEE1-4C28-95DF-35639548739B}.Debug|Any CPU.Build.0 = Debug|Any CPU
		{68463298-DEE1-4C28-95DF-35639548739B}.Release|Any CPU.ActiveCfg = Release|Any CPU
		{68463298-DEE1-4C28-95DF-35639548739B}.Release|Any CPU.Build.0 = Release|Any CPU
	EndGlobalSection
	GlobalSection(SolutionProperties) = preSolution
		HideSolutionNode = FALSE
	EndGlobalSection
	GlobalSection(ExtensibilityGlobals) = postSolution
		SolutionGuid = {BB17F810-60B9-446F-9CAF-2B41F09FB10B}
	EndGlobalSection
EndGlobal
